
Microsoft Visual Studio Solution File, Format Version 12.00
# Visual Studio 15
VisualStudioVersion = 15.0.28010.0
MinimumVisualStudioVersion = 10.0.40219.1
Project("{FAE04EC0-301F-11D3-BF4B-00C04F79EFBC}") = "StudentManagementWF", "StudentManagementWF.csproj", "{F76A0CBF-6A32-4EEC-B0C9-E16E9C278946}"
EndProject
Project("{FAE04EC0-301F-11D3-BF4B-00C04F79EFBC}") = "StudentRegistrationUnitTesting", "StudentRegistrationUnitTesting\StudentRegistrationUnitTesting.csproj", "{6208D93C-86F0-4272-B9FF-5C7B5F7C46C1}"
EndProject
Global
	GlobalSection(SolutionConfigurationPlatforms) = preSolution
		Debug|Any CPU = Debug|Any CPU
		Release|Any CPU = Release|Any CPU
	EndGlobalSection
	GlobalSection(ProjectConfigurationPlatforms) = postSolution
		{F76A0CBF-6A32-4EEC-B0C9-E16E9C278946}.Debug|Any CPU.ActiveCfg = Debug|Any CPU
		{F76A0CBF-6A32-4EEC-B0C9-E16E9C278946}.Debug|Any CPU.Build.0 = Debug|Any CPU
		{F76A0CBF-6A32-4EEC-B0C9-E16E9C278946}.Release|Any CPU.ActiveCfg = Release|Any CPU
		{F76A0CBF-6A32-4EEC-B0C9-E16E9C278946}.Release|Any CPU.Build.0 = Release|Any CPU
		{6208D93C-86F0-4272-B9FF-5C7B5F7C46C1}.Debug|Any CPU.ActiveCfg = Debug|Any CPU
		{6208D93C-86F0-4272-B9FF-5C7B5F7C46C1}.Debug|Any CPU.Build.0 = Debug|Any CPU
		{6208D93C-86F0-4272-B9FF-5C7B5F7C46C1}.Release|Any CPU.ActiveCfg = Release|Any CPU
		{6208D93C-86F0-4272-B9FF-5C7B5F7C46C1}.Release|Any CPU.Build.0 = Release|Any CPU
	EndGlobalSection
	GlobalSection(SolutionProperties) = preSolution
		HideSolutionNode = FALSE
	EndGlobalSection
	GlobalSection(ExtensibilityGlobals) = postSolution
		SolutionGuid = {BC5E8E8A-799F-4FDA-A122-8A9CB89DE0F7}
	EndGlobalSection
EndGlobal
